
Microsoft Visual Studio Solution File, Format Version 12.00
Project("{FAE04EC0-301F-11D3-BF4B-00C04F79EFBC}") = "ImageGallery.Model", "ImageGallery.Model/ImageGallery.Model.csproj", "{C4E0D954-6C98-4633-B54B-25E82415190F}"
EndProject
Project("{FAE04EC0-301F-11D3-BF4B-00C04F79EFBC}") = "ImageGallery.API", "ImageGallery.API\ImageGallery.API.csproj", "{293FADBB-5CAE-4168-8228-0F8963D2C852}"
EndProject
Project("{FAE04EC0-301F-11D3-BF4B-00C04F79EFBC}") = "ImageGallery.Client", "ImageGallery.Client\ImageGallery.Client.csproj", "{0578C5BC-BB32-49CE-AD78-C3597AC1B7B7}"
EndProject
Project("{FAE04EC0-301F-11D3-BF4B-00C04F79EFBC}") = "IdP", "IdP\IdP.csproj", "{CC1432B7-36DB-4DAE-BE08-D0B4AA4250D9}"
EndProject
Global
	GlobalSection(SolutionConfigurationPlatforms) = preSolution
		Debug|Any CPU = Debug|Any CPU
		Release|Any CPU = Release|Any CPU
	EndGlobalSection
	GlobalSection(ProjectConfigurationPlatforms) = postSolution
		{C4E0D954-6C98-4633-B54B-25E82415190F}.Debug|Any CPU.ActiveCfg = Debug|Any CPU
		{C4E0D954-6C98-4633-B54B-25E82415190F}.Debug|Any CPU.Build.0 = Debug|Any CPU
		{C4E0D954-6C98-4633-B54B-25E82415190F}.Release|Any CPU.ActiveCfg = Release|Any CPU
		{C4E0D954-6C98-4633-B54B-25E82415190F}.Release|Any CPU.Build.0 = Release|Any CPU
		{293FADBB-5CAE-4168-8228-0F8963D2C852}.Debug|Any CPU.ActiveCfg = Debug|Any CPU
		{293FADBB-5CAE-4168-8228-0F8963D2C852}.Debug|Any CPU.Build.0 = Debug|Any CPU
		{293FADBB-5CAE-4168-8228-0F8963D2C852}.Release|Any CPU.ActiveCfg = Release|Any CPU
		{293FADBB-5CAE-4168-8228-0F8963D2C852}.Release|Any CPU.Build.0 = Release|Any CPU
		{0578C5BC-BB32-49CE-AD78-C3597AC1B7B7}.Debug|Any CPU.ActiveCfg = Debug|Any CPU
		{0578C5BC-BB32-49CE-AD78-C3597AC1B7B7}.Debug|Any CPU.Build.0 = Debug|Any CPU
		{0578C5BC-BB32-49CE-AD78-C3597AC1B7B7}.Release|Any CPU.ActiveCfg = Release|Any CPU
		{0578C5BC-BB32-49CE-AD78-C3597AC1B7B7}.Release|Any CPU.Build.0 = Release|Any CPU
		{CC1432B7-36DB-4DAE-BE08-D0B4AA4250D9}.Debug|Any CPU.ActiveCfg = Debug|Any CPU
		{CC1432B7-36DB-4DAE-BE08-D0B4AA4250D9}.Debug|Any CPU.Build.0 = Debug|Any CPU
		{CC1432B7-36DB-4DAE-BE08-D0B4AA4250D9}.Release|Any CPU.ActiveCfg = Release|Any CPU
		{CC1432B7-36DB-4DAE-BE08-D0B4AA4250D9}.Release|Any CPU.Build.0 = Release|Any CPU
	EndGlobalSection
EndGlobal
