
Microsoft Visual Studio Solution File, Format Version 12.00
Project("{FAE04EC0-301F-11D3-BF4B-00C04F79EFBC}") = "generator-api", "generator-api.csproj", "{AC4ADA56-F21A-4B6E-B9CF-04B95DEE5FCD}"
EndProject
Global
	GlobalSection(SolutionConfigurationPlatforms) = preSolution
		Debug|Any CPU = Debug|Any CPU
		Release|Any CPU = Release|Any CPU
	EndGlobalSection
	GlobalSection(ProjectConfigurationPlatforms) = postSolution
		{AC4ADA56-F21A-4B6E-B9CF-04B95DEE5FCD}.Debug|Any CPU.ActiveCfg = Debug|Any CPU
		{AC4ADA56-F21A-4B6E-B9CF-04B95DEE5FCD}.Debug|Any CPU.Build.0 = Debug|Any CPU
		{AC4ADA56-F21A-4B6E-B9CF-04B95DEE5FCD}.Release|Any CPU.ActiveCfg = Release|Any CPU
		{AC4ADA56-F21A-4B6E-B9CF-04B95DEE5FCD}.Release|Any CPU.Build.0 = Release|Any CPU
	EndGlobalSection
EndGlobal
