
Microsoft Visual Studio Solution File, Format Version 12.00
Project("{FAE04EC0-301F-11D3-BF4B-00C04F79EFBC}") = "generator-api", "generator-api.csproj", "{814B9653-A9BB-4E8E-828A-1218BB8D6BCD}"
EndProject
Global
	GlobalSection(SolutionConfigurationPlatforms) = preSolution
		Debug|Any CPU = Debug|Any CPU
		Release|Any CPU = Release|Any CPU
	EndGlobalSection
	GlobalSection(ProjectConfigurationPlatforms) = postSolution
		{814B9653-A9BB-4E8E-828A-1218BB8D6BCD}.Debug|Any CPU.ActiveCfg = Debug|Any CPU
		{814B9653-A9BB-4E8E-828A-1218BB8D6BCD}.Debug|Any CPU.Build.0 = Debug|Any CPU
		{814B9653-A9BB-4E8E-828A-1218BB8D6BCD}.Release|Any CPU.ActiveCfg = Release|Any CPU
		{814B9653-A9BB-4E8E-828A-1218BB8D6BCD}.Release|Any CPU.Build.0 = Release|Any CPU
	EndGlobalSection
EndGlobal
